
Microsoft Visual Studio Solution File, Format Version 12.00
# Visual Studio Version 17
VisualStudioVersion = 17.0.31903.59
MinimumVisualStudioVersion = 10.0.40219.1
Project("{FAE04EC0-301F-11D3-BF4B-00C04F79EFBC}") = "SimulationApp.Core", "SimulationApp.Core\SimulationApp.Core.csproj", "{790CF20A-9052-4369-B0FA-8B22F019F1FC}"
EndProject
Project("{FAE04EC0-301F-11D3-BF4B-00C04F79EFBC}") = "SimulationApp.Tests", "SimulationApp.Tests\SimulationApp.Tests.csproj", "{7FAE33E1-2CDE-4756-8C72-0309D3250F4F}"
EndProject
Project("{FAE04EC0-301F-11D3-BF4B-00C04F79EFBC}") = "SimulationApp.UI", "SimulationApp.UI\SimulationApp.UI.csproj", "{47D1472D-5D39-4BF3-AA42-76EC66C18CCA}"
EndProject
Global
	GlobalSection(SolutionConfigurationPlatforms) = preSolution
		Debug|Any CPU = Debug|Any CPU
		Debug|x64 = Debug|x64
		Debug|x86 = Debug|x86
		Release|Any CPU = Release|Any CPU
		Release|x64 = Release|x64
		Release|x86 = Release|x86
	EndGlobalSection
	GlobalSection(ProjectConfigurationPlatforms) = postSolution
		{790CF20A-9052-4369-B0FA-8B22F019F1FC}.Debug|Any CPU.ActiveCfg = Debug|Any CPU
		{790CF20A-9052-4369-B0FA-8B22F019F1FC}.Debug|Any CPU.Build.0 = Debug|Any CPU
		{790CF20A-9052-4369-B0FA-8B22F019F1FC}.Debug|x64.ActiveCfg = Debug|Any CPU
		{790CF20A-9052-4369-B0FA-8B22F019F1FC}.Debug|x64.Build.0 = Debug|Any CPU
		{790CF20A-9052-4369-B0FA-8B22F019F1FC}.Debug|x86.ActiveCfg = Debug|Any CPU
		{790CF20A-9052-4369-B0FA-8B22F019F1FC}.Debug|x86.Build.0 = Debug|Any CPU
		{790CF20A-9052-4369-B0FA-8B22F019F1FC}.Release|Any CPU.ActiveCfg = Release|Any CPU
		{790CF20A-9052-4369-B0FA-8B22F019F1FC}.Release|Any CPU.Build.0 = Release|Any CPU
		{790CF20A-9052-4369-B0FA-8B22F019F1FC}.Release|x64.ActiveCfg = Release|Any CPU
		{790CF20A-9052-4369-B0FA-8B22F019F1FC}.Release|x64.Build.0 = Release|Any CPU
		{790CF20A-9052-4369-B0FA-8B22F019F1FC}.Release|x86.ActiveCfg = Release|Any CPU
		{790CF20A-9052-4369-B0FA-8B22F019F1FC}.Release|x86.Build.0 = Release|Any CPU
		{7FAE33E1-2CDE-4756-8C72-0309D3250F4F}.Debug|Any CPU.ActiveCfg = Debug|Any CPU
		{7FAE33E1-2CDE-4756-8C72-0309D3250F4F}.Debug|Any CPU.Build.0 = Debug|Any CPU
		{7FAE33E1-2CDE-4756-8C72-0309D3250F4F}.Debug|x64.ActiveCfg = Debug|Any CPU
		{7FAE33E1-2CDE-4756-8C72-0309D3250F4F}.Debug|x64.Build.0 = Debug|Any CPU
		{7FAE33E1-2CDE-4756-8C72-0309D3250F4F}.Debug|x86.ActiveCfg = Debug|Any CPU
		{7FAE33E1-2CDE-4756-8C72-0309D3250F4F}.Debug|x86.Build.0 = Debug|Any CPU
		{7FAE33E1-2CDE-4756-8C72-0309D3250F4F}.Release|Any CPU.ActiveCfg = Release|Any CPU
		{7FAE33E1-2CDE-4756-8C72-0309D3250F4F}.Release|Any CPU.Build.0 = Release|Any CPU
		{7FAE33E1-2CDE-4756-8C72-0309D3250F4F}.Release|x64.ActiveCfg = Release|Any CPU
		{7FAE33E1-2CDE-4756-8C72-0309D3250F4F}.Release|x64.Build.0 = Release|Any CPU
		{7FAE33E1-2CDE-4756-8C72-0309D3250F4F}.Release|x86.ActiveCfg = Release|Any CPU
		{7FAE33E1-2CDE-4756-8C72-0309D3250F4F}.Release|x86.Build.0 = Release|Any CPU
		{47D1472D-5D39-4BF3-AA42-76EC66C18CCA}.Debug|Any CPU.ActiveCfg = Debug|Any CPU
		{47D1472D-5D39-4BF3-AA42-76EC66C18CCA}.Debug|Any CPU.Build.0 = Debug|Any CPU
		{47D1472D-5D39-4BF3-AA42-76EC66C18CCA}.Debug|x64.ActiveCfg = Debug|Any CPU
		{47D1472D-5D39-4BF3-AA42-76EC66C18CCA}.Debug|x64.Build.0 = Debug|Any CPU
		{47D1472D-5D39-4BF3-AA42-76EC66C18CCA}.Debug|x86.ActiveCfg = Debug|Any CPU
		{47D1472D-5D39-4BF3-AA42-76EC66C18CCA}.Debug|x86.Build.0 = Debug|Any CPU
		{47D1472D-5D39-4BF3-AA42-76EC66C18CCA}.Release|Any CPU.ActiveCfg = Release|Any CPU
		{47D1472D-5D39-4BF3-AA42-76EC66C18CCA}.Release|Any CPU.Build.0 = Release|Any CPU
		{47D1472D-5D39-4BF3-AA42-76EC66C18CCA}.Release|x64.ActiveCfg = Release|Any CPU
		{47D1472D-5D39-4BF3-AA42-76EC66C18CCA}.Release|x64.Build.0 = Release|Any CPU
		{47D1472D-5D39-4BF3-AA42-76EC66C18CCA}.Release|x86.ActiveCfg = Release|Any CPU
		{47D1472D-5D39-4BF3-AA42-76EC66C18CCA}.Release|x86.Build.0 = Release|Any CPU
	EndGlobalSection
	GlobalSection(SolutionProperties) = preSolution
		HideSolutionNode = FALSE
	EndGlobalSection
	GlobalSection(ExtensibilityGlobals) = postSolution
		SolutionGuid = {17365ED7-3CA1-4494-B1E7-3EFB88498A6A}
	EndGlobalSection
EndGlobal
